
Microsoft Visual Studio Solution File, Format Version 12.00
# Visual Studio Version 17
VisualStudioVersion = 17.3.32922.545
MinimumVisualStudioVersion = 10.0.40219.1
Project("{FAE04EC0-301F-11D3-BF4B-00C04F79EFBC}") = "WinFormsAppHomeW1", "WinFormsAppHomeW1\WinFormsAppHomeW1.csproj", "{8E122B47-054F-4A7D-A635-A92DA2488501}"
EndProject
Global
	GlobalSection(SolutionConfigurationPlatforms) = preSolution
		Debug|Any CPU = Debug|Any CPU
		Release|Any CPU = Release|Any CPU
	EndGlobalSection
	GlobalSection(ProjectConfigurationPlatforms) = postSolution
		{8E122B47-054F-4A7D-A635-A92DA2488501}.Debug|Any CPU.ActiveCfg = Debug|Any CPU
		{8E122B47-054F-4A7D-A635-A92DA2488501}.Debug|Any CPU.Build.0 = Debug|Any CPU
		{8E122B47-054F-4A7D-A635-A92DA2488501}.Release|Any CPU.ActiveCfg = Release|Any CPU
		{8E122B47-054F-4A7D-A635-A92DA2488501}.Release|Any CPU.Build.0 = Release|Any CPU
	EndGlobalSection
	GlobalSection(SolutionProperties) = preSolution
		HideSolutionNode = FALSE
	EndGlobalSection
	GlobalSection(ExtensibilityGlobals) = postSolution
		SolutionGuid = {DEF343F7-408F-4540-9409-6FA6C70446B2}
	EndGlobalSection
EndGlobal
