
Microsoft Visual Studio Solution File, Format Version 12.00
# Visual Studio Version 17
VisualStudioVersion = 17.3.32922.545
MinimumVisualStudioVersion = 10.0.40219.1
Project("{FAE04EC0-301F-11D3-BF4B-00C04F79EFBC}") = "WinFormsAppCSVParser", "WinFormsAppCSVParser\WinFormsAppCSVParser.csproj", "{A25B2639-DE97-4506-B5AC-70541048137E}"
EndProject
Global
	GlobalSection(SolutionConfigurationPlatforms) = preSolution
		Debug|Any CPU = Debug|Any CPU
		Release|Any CPU = Release|Any CPU
	EndGlobalSection
	GlobalSection(ProjectConfigurationPlatforms) = postSolution
		{A25B2639-DE97-4506-B5AC-70541048137E}.Debug|Any CPU.ActiveCfg = Debug|Any CPU
		{A25B2639-DE97-4506-B5AC-70541048137E}.Debug|Any CPU.Build.0 = Debug|Any CPU
		{A25B2639-DE97-4506-B5AC-70541048137E}.Release|Any CPU.ActiveCfg = Release|Any CPU
		{A25B2639-DE97-4506-B5AC-70541048137E}.Release|Any CPU.Build.0 = Release|Any CPU
	EndGlobalSection
	GlobalSection(SolutionProperties) = preSolution
		HideSolutionNode = FALSE
	EndGlobalSection
	GlobalSection(ExtensibilityGlobals) = postSolution
		SolutionGuid = {CE877139-206A-4324-910B-964421465678}
	EndGlobalSection
EndGlobal
