
Microsoft Visual Studio Solution File, Format Version 12.00
# Visual Studio Version 17
VisualStudioVersion = 17.3.32922.545
MinimumVisualStudioVersion = 10.0.40219.1
Project("{FAE04EC0-301F-11D3-BF4B-00C04F79EFBC}") = "WinFormsAppHW4", "WinFormsAppHW4\WinFormsAppHW4.csproj", "{1064166D-BDEA-4C45-B8C5-E79040F5ECD1}"
EndProject
Global
	GlobalSection(SolutionConfigurationPlatforms) = preSolution
		Debug|Any CPU = Debug|Any CPU
		Release|Any CPU = Release|Any CPU
	EndGlobalSection
	GlobalSection(ProjectConfigurationPlatforms) = postSolution
		{1064166D-BDEA-4C45-B8C5-E79040F5ECD1}.Debug|Any CPU.ActiveCfg = Debug|Any CPU
		{1064166D-BDEA-4C45-B8C5-E79040F5ECD1}.Debug|Any CPU.Build.0 = Debug|Any CPU
		{1064166D-BDEA-4C45-B8C5-E79040F5ECD1}.Release|Any CPU.ActiveCfg = Release|Any CPU
		{1064166D-BDEA-4C45-B8C5-E79040F5ECD1}.Release|Any CPU.Build.0 = Release|Any CPU
	EndGlobalSection
	GlobalSection(SolutionProperties) = preSolution
		HideSolutionNode = FALSE
	EndGlobalSection
	GlobalSection(ExtensibilityGlobals) = postSolution
		SolutionGuid = {A3D60B69-6EC2-42AE-8F83-0FD07B7328BD}
	EndGlobalSection
EndGlobal
